
Microsoft Visual Studio Solution File, Format Version 12.00
# Visual Studio Version 16
VisualStudioVersion = 16.0.32901.82
MinimumVisualStudioVersion = 10.0.40219.1
Project("{FAE04EC0-301F-11D3-BF4B-00C04F79EFBC}") = "Windows_PictureBoxImageExample", "Windows_PictureBoxImageExample.csproj", "{2B952249-6012-4489-BEC2-4BBC98F0C93A}"
EndProject
Global
	GlobalSection(SolutionConfigurationPlatforms) = preSolution
		Debug|Any CPU = Debug|Any CPU
		Release|Any CPU = Release|Any CPU
	EndGlobalSection
	GlobalSection(ProjectConfigurationPlatforms) = postSolution
		{2B952249-6012-4489-BEC2-4BBC98F0C93A}.Debug|Any CPU.ActiveCfg = Debug|Any CPU
		{2B952249-6012-4489-BEC2-4BBC98F0C93A}.Debug|Any CPU.Build.0 = Debug|Any CPU
		{2B952249-6012-4489-BEC2-4BBC98F0C93A}.Release|Any CPU.ActiveCfg = Release|Any CPU
		{2B952249-6012-4489-BEC2-4BBC98F0C93A}.Release|Any CPU.Build.0 = Release|Any CPU
	EndGlobalSection
	GlobalSection(SolutionProperties) = preSolution
		HideSolutionNode = FALSE
	EndGlobalSection
	GlobalSection(ExtensibilityGlobals) = postSolution
		SolutionGuid = {C407A335-7091-4645-AB46-4ADF37269592}
	EndGlobalSection
EndGlobal
