
Microsoft Visual Studio Solution File, Format Version 12.00
# Visual Studio Version 16
VisualStudioVersion = 16.0.32901.82
MinimumVisualStudioVersion = 10.0.40219.1
Project("{FAE04EC0-301F-11D3-BF4B-00C04F79EFBC}") = "Windows_AddList", "Windows_AddList.csproj", "{C3B559EC-AD96-4222-BF66-78CA658F26F8}"
EndProject
Global
	GlobalSection(SolutionConfigurationPlatforms) = preSolution
		Debug|Any CPU = Debug|Any CPU
		Release|Any CPU = Release|Any CPU
	EndGlobalSection
	GlobalSection(ProjectConfigurationPlatforms) = postSolution
		{C3B559EC-AD96-4222-BF66-78CA658F26F8}.Debug|Any CPU.ActiveCfg = Debug|Any CPU
		{C3B559EC-AD96-4222-BF66-78CA658F26F8}.Debug|Any CPU.Build.0 = Debug|Any CPU
		{C3B559EC-AD96-4222-BF66-78CA658F26F8}.Release|Any CPU.ActiveCfg = Release|Any CPU
		{C3B559EC-AD96-4222-BF66-78CA658F26F8}.Release|Any CPU.Build.0 = Release|Any CPU
	EndGlobalSection
	GlobalSection(SolutionProperties) = preSolution
		HideSolutionNode = FALSE
	EndGlobalSection
	GlobalSection(ExtensibilityGlobals) = postSolution
		SolutionGuid = {23A97F59-D369-42E2-B8D6-F14AD7C58CAB}
	EndGlobalSection
EndGlobal
